<?xml version="1.0" encoding="utf-8"?>
<Project ToolsVersion="4.0" xmlns="http://schemas.microsoft.com/developer/msbuild/2003">
  <ItemGroup>
    <Filter Include="Source files">
      <UniqueIdentifier>{d8b96676-c7df-45a3-ada2-002e536f0fc4}</UniqueIdentifier>
      <Extensions>cpp;c;cc;cxx;def;odl;idl;hpj;bat;asm;asmx</Extensions>
    </Filter>
    <Filter Include="Header files">
      <UniqueIdentifier>{e948ff88-74e5-4c96-9f7b-c9a6cf869c72}</UniqueIdentifier>
      <Extensions>h;hpp;hxx;hm;inl;inc;xsd</Extensions>
    </Filter>
    <Filter Include="Resource files">
      <UniqueIdentifier>{e8fe6866-f742-44cb-a195-41272a5c9fe4}</UniqueIdentifier>
      <Extensions>rc;ico;cur;bmp;dlg;rc2;rct;bin;rgs;gif;jpg;jpeg;jpe;resx;tiff;tif;png;wav</Extensions>
    </Filter>
    <Filter Include="QMake Project files">
      <UniqueIdentifier>{3e0d87de-0753-4aa1-a9ee-dc7a30187f0b}</UniqueIdentifier>
    </Filter>
    <Filter Include="VisualGDB settings">
      <UniqueIdentifier>{c5280487-2557-43d3-bc03-885fda7e7839}</UniqueIdentifier>
    </Filter>
  </ItemGroup>
  <ItemGroup>
    <ClCompile Include="uGolf.cpp">
      <Filter>Source files</Filter>
    </ClCompile>
    <ClCompile Include="MainWindow.cpp">
      <Filter>Source files</Filter>
    </ClCompile>
    <None Include="MainWindow.ui">
      <Filter>Source files</Filter>
    </None>
    <ClInclude Include="MainWindow.h">
      <Filter>Header files</Filter>
    </ClInclude>
    <None Include="debug.pro">
      <Filter>QMake Project files</Filter>
    </None>
    <None Include="release.pro">
      <Filter>QMake Project files</Filter>
    </None>
    <None Include="uGolf-Debug.vgdbsettings">
      <Filter>VisualGDB settings</Filter>
    </None>
    <None Include="uGolf-Release.vgdbsettings">
      <Filter>VisualGDB settings</Filter>
    </None>
    <ClCompile Include="DataManager.cpp">
      <Filter>Source files</Filter>
    </ClCompile>
    <ClCompile Include="SerialManager.cpp">
      <Filter>Source files</Filter>
    </ClCompile>
  </ItemGroup>
  <ItemGroup>
    <None Include="uGolf.pro" />
  </ItemGroup>
  <ItemGroup>
    <ClInclude Include="DataManager.h">
      <Filter>Header files</Filter>
    </ClInclude>
    <ClInclude Include="SerialManager.h">
      <Filter>Header files</Filter>
    </ClInclude>
    <ClInclude Include="blocking_reader.h">
      <Filter>Header files</Filter>
    </ClInclude>
  </ItemGroup>
</Project>